
Microsoft Visual Studio Solution File, Format Version 12.00
# Visual Studio Version 16
VisualStudioVersion = 16.0.32802.440
MinimumVisualStudioVersion = 10.0.40219.1
Project("{8BC9CEB8-8B4A-11D0-8D11-00A0C91BC942}") = "jungol", "jungol\jungol.vcxproj", "{967F71F4-1D41-47E6-BBB2-DDFD72AE2BAE}"
EndProject
Global
	GlobalSection(SolutionConfigurationPlatforms) = preSolution
		Debug|x64 = Debug|x64
		Debug|x86 = Debug|x86
		Release|x64 = Release|x64
		Release|x86 = Release|x86
	EndGlobalSection
	GlobalSection(ProjectConfigurationPlatforms) = postSolution
		{967F71F4-1D41-47E6-BBB2-DDFD72AE2BAE}.Debug|x64.ActiveCfg = Debug|x64
		{967F71F4-1D41-47E6-BBB2-DDFD72AE2BAE}.Debug|x64.Build.0 = Debug|x64
		{967F71F4-1D41-47E6-BBB2-DDFD72AE2BAE}.Debug|x86.ActiveCfg = Debug|Win32
		{967F71F4-1D41-47E6-BBB2-DDFD72AE2BAE}.Debug|x86.Build.0 = Debug|Win32
		{967F71F4-1D41-47E6-BBB2-DDFD72AE2BAE}.Release|x64.ActiveCfg = Release|x64
		{967F71F4-1D41-47E6-BBB2-DDFD72AE2BAE}.Release|x64.Build.0 = Release|x64
		{967F71F4-1D41-47E6-BBB2-DDFD72AE2BAE}.Release|x86.ActiveCfg = Release|Win32
		{967F71F4-1D41-47E6-BBB2-DDFD72AE2BAE}.Release|x86.Build.0 = Release|Win32
	EndGlobalSection
	GlobalSection(SolutionProperties) = preSolution
		HideSolutionNode = FALSE
	EndGlobalSection
	GlobalSection(ExtensibilityGlobals) = postSolution
		SolutionGuid = {9553FFB3-9AE9-4812-B7DD-6868283DB599}
	EndGlobalSection
EndGlobal
